
Microsoft Visual Studio Solution File, Format Version 12.00
Project("{FAE04EC0-301F-11D3-BF4B-00C04F79EFBC}") = "SyncContextSample", "SyncContextSample.csproj", "{BD12B3E3-5D6E-4BEA-8E41-6F2156415074}"
EndProject
Global
	GlobalSection(SolutionConfigurationPlatforms) = preSolution
		Debug|Any CPU = Debug|Any CPU
		Release|Any CPU = Release|Any CPU
	EndGlobalSection
	GlobalSection(ProjectConfigurationPlatforms) = postSolution
		{BD12B3E3-5D6E-4BEA-8E41-6F2156415074}.Debug|Any CPU.ActiveCfg = Debug|Any CPU
		{BD12B3E3-5D6E-4BEA-8E41-6F2156415074}.Debug|Any CPU.Build.0 = Debug|Any CPU
	EndGlobalSection
EndGlobal
